
Microsoft Visual Studio Solution File, Format Version 11.00
# Visual Studio 2010
# SharpDevelop 5.1
Project("{FAE04EC0-301F-11D3-BF4B-00C04F79EFBC}") = "Carros", "Carros\Carros.csproj", "{BFDB1A10-CA7B-4DA4-9D3A-3048AFAE7646}"
EndProject
Global
	GlobalSection(SolutionConfigurationPlatforms) = preSolution
		Debug|Any CPU = Debug|Any CPU
		Release|Any CPU = Release|Any CPU
	EndGlobalSection
	GlobalSection(ProjectConfigurationPlatforms) = postSolution
		{BFDB1A10-CA7B-4DA4-9D3A-3048AFAE7646}.Debug|Any CPU.ActiveCfg = Debug|Any CPU
		{BFDB1A10-CA7B-4DA4-9D3A-3048AFAE7646}.Debug|Any CPU.Build.0 = Debug|Any CPU
		{BFDB1A10-CA7B-4DA4-9D3A-3048AFAE7646}.Release|Any CPU.ActiveCfg = Release|Any CPU
		{BFDB1A10-CA7B-4DA4-9D3A-3048AFAE7646}.Release|Any CPU.Build.0 = Release|Any CPU
	EndGlobalSection
EndGlobal
